
Microsoft Visual Studio Solution File, Format Version 12.00
# Visual Studio 15
VisualStudioVersion = 15.0.28307.102
MinimumVisualStudioVersion = 10.0.40219.1
Project("{FAE04EC0-301F-11D3-BF4B-00C04F79EFBC}") = "Test_1_NBI", "Test_1_NBI\Test_1_NBI.csproj", "{7CB595C3-70A4-4B00-8595-8EA32516D50E}"
EndProject
Global
	GlobalSection(SolutionConfigurationPlatforms) = preSolution
		Debug|Any CPU = Debug|Any CPU
		Release|Any CPU = Release|Any CPU
	EndGlobalSection
	GlobalSection(ProjectConfigurationPlatforms) = postSolution
		{7CB595C3-70A4-4B00-8595-8EA32516D50E}.Debug|Any CPU.ActiveCfg = Debug|Any CPU
		{7CB595C3-70A4-4B00-8595-8EA32516D50E}.Debug|Any CPU.Build.0 = Debug|Any CPU
		{7CB595C3-70A4-4B00-8595-8EA32516D50E}.Release|Any CPU.ActiveCfg = Release|Any CPU
		{7CB595C3-70A4-4B00-8595-8EA32516D50E}.Release|Any CPU.Build.0 = Release|Any CPU
	EndGlobalSection
	GlobalSection(SolutionProperties) = preSolution
		HideSolutionNode = FALSE
	EndGlobalSection
	GlobalSection(ExtensibilityGlobals) = postSolution
		SolutionGuid = {B60B3AD0-ED6C-47A2-9188-F9FBDE02B25D}
	EndGlobalSection
EndGlobal
